schema: '2.0'
stages:
  data_load:
    cmd: python src/data_load.py --config=./params.yaml
    deps:
    - path: src/data_load.py
      md5: dda4c8e5fce910fbef1c385fd9863078
      size: 954
    outs:
    - path: data/classes.json
      md5: d4b044a096165faab992c4d950ee1f15
      size: 56
    - path: data/iris.csv
      md5: 4224576f0267bf88902f87f0f6200967
      size: 2757
  feature_extraction:
    cmd: python src/featurization.py --config=params.yaml
    deps:
    - path: data/iris.csv
      md5: 4224576f0267bf88902f87f0f6200967
      size: 2757
    - path: src/featurization.py
      md5: 2dd2a2fdcc4bb66ada2e258c14d9f9ed
      size: 949
    outs:
    - path: data/iris_featurized.csv
      md5: de0aa728ae970bc8c141cbd6560bc7d6
      size: 7260
  split_dataset:
    cmd: python src/split_dataset.py --config=params.yaml
    deps:
    - path: data/iris_featurized.csv
      md5: de0aa728ae970bc8c141cbd6560bc7d6
      size: 7260
    - path: src/split_dataset.py
      md5: 112267a3af99130edadcbd0b09295c25
      size: 905
    params:
      params.yaml:
        data_split:
          test_size: 0.2
          train_path: data/train.csv
          test_path: data/test.csv
        featurize:
          features_path: data/iris_featurized.csv
          target_column: target
    outs:
    - path: data/test.csv
      md5: 487e1ef8144f3e4b1add650f163d4090
      size: 1492
    - path: data/train.csv
      md5: 4aaa4366841c272882d7ab6e19664a51
      size: 5724
  train:
    cmd: python src/train.py --config=params.yaml
    deps:
    - path: data/train.csv
      md5: 4aaa4366841c272882d7ab6e19664a51
      size: 5724
    - path: src/train.py
      md5: f8e1d63425221a914f79127f5a1ab9fc
      size: 996
    outs:
    - path: models/model.joblib
      md5: c09d62aedcad0d8a1361554ef5d08fb2
      size: 1023
  evaluate:
    cmd: python src/evaluate.py --config=params.yaml
    deps:
    - path: data/classes.json
      md5: d4b044a096165faab992c4d950ee1f15
      size: 56
    - path: data/test.csv
      md5: 487e1ef8144f3e4b1add650f163d4090
      size: 1492
    - path: models/model.joblib
      md5: c09d62aedcad0d8a1361554ef5d08fb2
      size: 1023
    - path: src/evaluate.py
      md5: 40a06ebcec3d85a070a9ba80e778423d
      size: 1296
    outs:
    - path: reports/cm.csv
      md5: 4323281bd055db4290b615d0e6b2b137
      size: 573
    - path: reports/metrics.json
      md5: d533847a0ca14ca93752b1b1f1df349e
      size: 32
